
Microsoft Visual Studio Solution File, Format Version 12.00
# Visual Studio 2012
Project("{FAE04EC0-301F-11D3-BF4B-00C04F79EFBC}") = "VersionUpdater", "VersionUpdater\VersionUpdater.csproj", "{FB8A1C92-659F-442E-B822-75875D4105B8}"
EndProject
Global
	GlobalSection(SolutionConfigurationPlatforms) = preSolution
		Debug|x86 = Debug|x86
		Release|x86 = Release|x86
	EndGlobalSection
	GlobalSection(ProjectConfigurationPlatforms) = postSolution
		{FB8A1C92-659F-442E-B822-75875D4105B8}.Debug|x86.ActiveCfg = Debug|x86
		{FB8A1C92-659F-442E-B822-75875D4105B8}.Debug|x86.Build.0 = Debug|x86
		{FB8A1C92-659F-442E-B822-75875D4105B8}.Release|x86.ActiveCfg = Release|x86
		{FB8A1C92-659F-442E-B822-75875D4105B8}.Release|x86.Build.0 = Release|x86
	EndGlobalSection
	GlobalSection(MonoDevelopProperties) = preSolution
		StartupItem = VersionUpdater\VersionUpdater.csproj
	EndGlobalSection
EndGlobal
